
Microsoft Visual Studio Solution File, Format Version 12.00
# Visual Studio 2012
Project("{FAE04EC0-301F-11D3-BF4B-00C04F79EFBC}") = "CholaChess", "src\CholaChess.csproj", "{DFF63316-3CC0-4F38-8FC9-79F08DC9F74E}"
EndProject
Project("{FAE04EC0-301F-11D3-BF4B-00C04F79EFBC}") = "CholaChessTest", "tests\CholaChessTest.csproj", "{C3037A75-7C43-4AAF-935E-870F76416FE8}"
EndProject
Global
	GlobalSection(SolutionConfigurationPlatforms) = preSolution
		Debug|Any CPU = Debug|Any CPU
		Release|Any CPU = Release|Any CPU
	EndGlobalSection
	GlobalSection(ProjectConfigurationPlatforms) = postSolution
		{DFF63316-3CC0-4F38-8FC9-79F08DC9F74E}.Debug|Any CPU.ActiveCfg = Debug|Any CPU
		{DFF63316-3CC0-4F38-8FC9-79F08DC9F74E}.Debug|Any CPU.Build.0 = Debug|Any CPU
		{DFF63316-3CC0-4F38-8FC9-79F08DC9F74E}.Release|Any CPU.ActiveCfg = Release|Any CPU
		{DFF63316-3CC0-4F38-8FC9-79F08DC9F74E}.Release|Any CPU.Build.0 = Release|Any CPU
		{C3037A75-7C43-4AAF-935E-870F76416FE8}.Debug|Any CPU.ActiveCfg = Debug|Any CPU
		{C3037A75-7C43-4AAF-935E-870F76416FE8}.Debug|Any CPU.Build.0 = Debug|Any CPU
		{C3037A75-7C43-4AAF-935E-870F76416FE8}.Release|Any CPU.ActiveCfg = Release|Any CPU
		{C3037A75-7C43-4AAF-935E-870F76416FE8}.Release|Any CPU.Build.0 = Release|Any CPU
	EndGlobalSection
	GlobalSection(SolutionProperties) = preSolution
		HideSolutionNode = FALSE
	EndGlobalSection
EndGlobal
